// !$*UTF8*$!
{
	archiveVersion = 1;
	classes = {
	};
	objectVersion = 46;
	objects = {

/* Begin PBXBuildFile section */
		0C2A16511CAC97F800C4B21B /* PlaySoundsViewController+Audio.swift in Sources */ = {isa = PBXBuildFile; fileRef = 0C2A16501CAC97F800C4B21B /* PlaySoundsViewController+Audio.swift */; };
		0CCE686D1CAC7A920059580B /* PlaySoundsViewController.swift in Sources */ = {isa = PBXBuildFile; fileRef = 0CCE686C1CAC7A920059580B /* PlaySoundsViewController.swift */; };
		0CD103C01CA4329500895FE5 /* AppDelegate.swift in Sources */ = {isa = PBXBuildFile; fileRef = 0CD103BF1CA4329500895FE5 /* AppDelegate.swift */; };
		0CD103C21CA4329500895FE5 /* RecordSoundsViewController.swift in Sources */ = {isa = PBXBuildFile; fileRef = 0CD103C11CA4329500895FE5 /* RecordSoundsViewController.swift */; };
		0CD103C51CA4329500895FE5 /* Main.storyboard in Resources */ = {isa = PBXBuildFile; fileRef = 0CD103C31CA4329500895FE5 /* Main.storyboard */; };
		0CD103C71CA4329500895FE5 /* Assets.xcassets in Resources */ = {isa = PBXBuildFile; fileRef = 0CD103C61CA4329500895FE5 /* Assets.xcassets */; };
		0CD103CA1CA4329500895FE5 /* LaunchScreen.storyboard in Resources */ = {isa = PBXBuildFile; fileRef = 0CD103C81CA4329500895FE5 /* LaunchScreen.storyboard */; };
		0CD103D51CA4329500895FE5 /* PitchPerfectTests.swift in Sources */ = {isa = PBXBuildFile; fileRef = 0CD103D41CA4329500895FE5 /* PitchPerfectTests.swift */; };
		0CD103E01CA4329500895FE5 /* PitchPerfectUITests.swift in Sources */ = {isa = PBXBuildFile; fileRef = 0CD103DF1CA4329500895FE5 /* PitchPerfectUITests.swift */; };
/* End PBXBuildFile section */

/* Begin PBXContainerItemProxy section */
		0CD103D11CA4329500895FE5 /* PBXContainerItemProxy */ = {
			isa = PBXContainerItemProxy;
			containerPortal = 0CD103B41CA4329500895FE5 /* Project object */;
			proxyType = 1;
			remoteGlobalIDString = 0CD103BB1CA4329500895FE5;
			remoteInfo = PitchPerfect;
		};
		0CD103DC1CA4329500895FE5 /* PBXContainerItemProxy */ = {
			isa = PBXContainerItemProxy;
			containerPortal = 0CD103B41CA4329500895FE5 /* Project object */;
			proxyType = 1;
			remoteGlobalIDString = 0CD103BB1CA4329500895FE5;
			remoteInfo = PitchPerfect;
		};
/* End PBXContainerItemProxy section */

/* Begin PBXFileReference section */
		0C2A16501CAC97F800C4B21B /* PlaySoundsViewController+Audio.swift */ = {isa = PBXFileReference; fileEncoding = 4; lastKnownFileType = sourcecode.swift; path = "PlaySoundsViewController+Audio.swift"; sourceTree = "<group>"; };
		0CCE686C1CAC7A920059580B /* PlaySoundsViewController.swift */ = {isa = PBXFileReference; fileEncoding = 4; lastKnownFileType = sourcecode.swift; path = PlaySoundsViewController.swift; sourceTree = "<group>"; };
		0CD103BC1CA4329500895FE5 /* PitchPerfect.app */ = {isa = PBXFileReference; explicitFileType = wrapper.application; includeInIndex = 0; path = PitchPerfect.app; sourceTree = BUILT_PRODUCTS_DIR; };
		0CD103BF1CA4329500895FE5 /* AppDelegate.swift */ = {isa = PBXFileReference; lastKnownFileType = sourcecode.swift; path = AppDelegate.swift; sourceTree = "<group>"; };
		0CD103C11CA4329500895FE5 /* RecordSoundsViewController.swift */ = {isa = PBXFileReference; lastKnownFileType = sourcecode.swift; path = RecordSoundsViewController.swift; sourceTree = "<group>"; };
		0CD103C41CA4329500895FE5 /* Base */ = {isa = PBXFileReference; lastKnownFileType = file.storyboard; name = Base; path = Base.lproj/Main.storyboard; sourceTree = "<group>"; };
		0CD103C61CA4329500895FE5 /* Assets.xcassets */ = {isa = PBXFileReference; lastKnownFileType = folder.assetcatalog; path = Assets.xcassets; sourceTree = "<group>"; };
		0CD103C91CA4329500895FE5 /* Base */ = {isa = PBXFileReference; lastKnownFileType = file.storyboard; name = Base; path = Base.lproj/LaunchScreen.storyboard; sourceTree = "<group>"; };
		0CD103CB1CA4329500895FE5 /* Info.plist */ = {isa = PBXFileReference; lastKnownFileType = text.plist.xml; path = Info.plist; sourceTree = "<group>"; };
		0CD103D01CA4329500895FE5 /* PitchPerfectTests.xctest */ = {isa = PBXFileReference; explicitFileType = wrapper.cfbundle; includeInIndex = 0; path = PitchPerfectTests.xctest; sourceTree = BUILT_PRODUCTS_DIR; };
		0CD103D41CA4329500895FE5 /* PitchPerfectTests.swift */ = {isa = PBXFileReference; lastKnownFileType = sourcecode.swift; path = PitchPerfectTests.swift; sourceTree = "<group>"; };
		0CD103D61CA4329500895FE5 /* Info.plist */ = {isa = PBXFileReference; lastKnownFileType = text.plist.xml; path = Info.plist; sourceTree = "<group>"; };
		0CD103DB1CA4329500895FE5 /* PitchPerfectUITests.xctest */ = {isa = PBXFileReference; explicitFileType = wrapper.cfbundle; includeInIndex = 0; path = PitchPerfectUITests.xctest; sourceTree = BUILT_PRODUCTS_DIR; };
		0CD103DF1CA4329500895FE5 /* PitchPerfectUITests.swift */ = {isa = PBXFileReference; lastKnownFileType = sourcecode.swift; path = PitchPerfectUITests.swift; sourceTree = "<group>"; };
		0CD103E11CA4329500895FE5 /* Info.plist */ = {isa = PBXFileReference; lastKnownFileType = text.plist.xml; path = Info.plist; sourceTree = "<group>"; };
/* End PBXFileReference section */

/* Begin PBXFrameworksBuildPhase section */
		0CD103B91CA4329500895FE5 /* Frameworks */ = {
			isa = PBXFrameworksBuildPhase;
			buildActionMask = 2147483647;
			files = (
			);
			runOnlyForDeploymentPostprocessing = 0;
		};
		0CD103CD1CA4329500895FE5 /* Frameworks */ = {
			isa = PBXFrameworksBuildPhase;
			buildActionMask = 2147483647;
			files = (
			);
			runOnlyForDeploymentPostprocessing = 0;
		};
		0CD103D81CA4329500895FE5 /* Frameworks */ = {
			isa = PBXFrameworksBuildPhase;
			buildActionMask = 2147483647;
			files = (
			);
			runOnlyForDeploymentPostprocessing = 0;
		};
/* End PBXFrameworksBuildPhase section */

/* Begin PBXGroup section */
		0CD103B31CA4329500895FE5 = {
			isa = PBXGroup;
			children = (
				0CD103BE1CA4329500895FE5 /* PitchPerfect */,
				0CD103D31CA4329500895FE5 /* PitchPerfectTests */,
				0CD103DE1CA4329500895FE5 /* PitchPerfectUITests */,
				0CD103BD1CA4329500895FE5 /* Products */,
			);
			sourceTree = "<group>";
		};
		0CD103BD1CA4329500895FE5 /* Products */ = {
			isa = PBXGroup;
			children = (
				0CD103BC1CA4329500895FE5 /* PitchPerfect.app */,
				0CD103D01CA4329500895FE5 /* PitchPerfectTests.xctest */,
				0CD103DB1CA4329500895FE5 /* PitchPerfectUITests.xctest */,
			);
			name = Products;
			sourceTree = "<group>";
		};
		0CD103BE1CA4329500895FE5 /* PitchPerfect */ = {
			isa = PBXGroup;
			children = (
				0CD103BF1CA4329500895FE5 /* AppDelegate.swift */,
				0C2A16501CAC97F800C4B21B /* PlaySoundsViewController+Audio.swift */,
				0CD103C11CA4329500895FE5 /* RecordSoundsViewController.swift */,
				0CD103C31CA4329500895FE5 /* Main.storyboard */,
				0CD103C61CA4329500895FE5 /* Assets.xcassets */,
				0CD103C81CA4329500895FE5 /* LaunchScreen.storyboard */,
				0CD103CB1CA4329500895FE5 /* Info.plist */,
				0CCE686C1CAC7A920059580B /* PlaySoundsViewController.swift */,
			);
			path = PitchPerfect;
			sourceTree = "<group>";
		};
		0CD103D31CA4329500895FE5 /* PitchPerfectTests */ = {
			isa = PBXGroup;
			children = (
				0CD103D41CA4329500895FE5 /* PitchPerfectTests.swift */,
				0CD103D61CA4329500895FE5 /* Info.plist */,
			);
			path = PitchPerfectTests;
			sourceTree = "<group>";
		};
		0CD103DE1CA4329500895FE5 /* PitchPerfectUITests */ = {
			isa = PBXGroup;
			children = (
				0CD103DF1CA4329500895FE5 /* PitchPerfectUITests.swift */,
				0CD103E11CA4329500895FE5 /* Info.plist */,
			);
			path = PitchPerfectUITests;
			sourceTree = "<group>";
		};
/* End PBXGroup section */

/* Begin PBXNativeTarget section */
		0CD103BB1CA4329500895FE5 /* PitchPerfect */ = {
			isa = PBXNativeTarget;
			buildConfigurationList = 0CD103E41CA4329500895FE5 /* Build configuration list for PBXNativeTarget "PitchPerfect" */;
			buildPhases = (
				0CD103B81CA4329500895FE5 /* Sources */,
				0CD103B91CA4329500895FE5 /* Frameworks */,
				0CD103BA1CA4329500895FE5 /* Resources */,
			);
			buildRules = (
			);
			dependencies = (
			);
			name = PitchPerfect;
			productName = PitchPerfect;
			productReference = 0CD103BC1CA4329500895FE5 /* PitchPerfect.app */;
			productType = "com.apple.product-type.application";
		};
		0CD103CF1CA4329500895FE5 /* PitchPerfectTests */ = {
			isa = PBXNativeTarget;
			buildConfigurationList = 0CD103E71CA4329500895FE5 /* Build configuration list for PBXNativeTarget "PitchPerfectTests" */;
			buildPhases = (
				0CD103CC1CA4329500895FE5 /* Sources */,
				0CD103CD1CA4329500895FE5 /* Frameworks */,
				0CD103CE1CA4329500895FE5 /* Resources */,
			);
			buildRules = (
			);
			dependencies = (
				0CD103D21CA4329500895FE5 /* PBXTargetDependency */,
			);
			name = PitchPerfectTests;
			productName = PitchPerfectTests;
			productReference = 0CD103D01CA4329500895FE5 /* PitchPerfectTests.xctest */;
			productType = "com.apple.product-type.bundle.unit-test";
		};
		0CD103DA1CA4329500895FE5 /* PitchPerfectUITests */ = {
			isa = PBXNativeTarget;
			buildConfigurationList = 0CD103EA1CA4329500895FE5 /* Build configuration list for PBXNativeTarget "PitchPerfectUITests" */;
			buildPhases = (
				0CD103D71CA4329500895FE5 /* Sources */,
				0CD103D81CA4329500895FE5 /* Frameworks */,
				0CD103D91CA4329500895FE5 /* Resources */,
			);
			buildRules = (
			);
			dependencies = (
				0CD103DD1CA4329500895FE5 /* PBXTargetDependency */,
			);
			name = PitchPerfectUITests;
			productName = PitchPerfectUITests;
			productReference = 0CD103DB1CA4329500895FE5 /* PitchPerfectUITests.xctest */;
			productType = "com.apple.product-type.bundle.ui-testing";
		};
/* End PBXNativeTarget section */

/* Begin PBXProject section */
		0CD103B41CA4329500895FE5 /* Project object */ = {
			isa = PBXProject;
			attributes = {
				LastSwiftUpdateCheck = 0730;
				LastUpgradeCheck = 0730;
				ORGANIZATIONNAME = "Bhaskar Dua";
				TargetAttributes = {
					0CD103BB1CA4329500895FE5 = {
						CreatedOnToolsVersion = 7.3;
						DevelopmentTeam = F4PVWZDD99;
					};
					0CD103CF1CA4329500895FE5 = {
						CreatedOnToolsVersion = 7.3;
						TestTargetID = 0CD103BB1CA4329500895FE5;
					};
					0CD103DA1CA4329500895FE5 = {
						CreatedOnToolsVersion = 7.3;
						TestTargetID = 0CD103BB1CA4329500895FE5;
					};
				};
			};
			buildConfigurationList = 0CD103B71CA4329500895FE5 /* Build configuration list for PBXProject "PitchPerfect" */;
			compatibilityVersion = "Xcode 3.2";
			developmentRegion = English;
			hasScannedForEncodings = 0;
			knownRegions = (
				en,
				Base,
			);
			mainGroup = 0CD103B31CA4329500895FE5;
			productRefGroup = 0CD103BD1CA4329500895FE5 /* Products */;
			projectDirPath = "";
			projectRoot = "";
			targets = (
				0CD103BB1CA4329500895FE5 /* PitchPerfect */,
				0CD103CF1CA4329500895FE5 /* PitchPerfectTests */,
				0CD103DA1CA4329500895FE5 /* PitchPerfectUITests */,
			);
		};
/* End PBXProject section */

/* Begin PBXResourcesBuildPhase section */
		0CD103BA1CA4329500895FE5 /* Resources */ = {
			isa = PBXResourcesBuildPhase;
			buildActionMask = 2147483647;
			files = (
				0CD103CA1CA4329500895FE5 /* LaunchScreen.storyboard in Resources */,
				0CD103C71CA4329500895FE5 /* Assets.xcassets in Resources */,
				0CD103C51CA4329500895FE5 /* Main.storyboard in Resources */,
			);
			runOnlyForDeploymentPostprocessing = 0;
		};
		0CD103CE1CA4329500895FE5 /* Resources */ = {
			isa = PBXResourcesBuildPhase;
			buildActionMask = 2147483647;
			files = (
			);
			runOnlyForDeploymentPostprocessing = 0;
		};
		0CD103D91CA4329500895FE5 /* Resources */ = {
			isa = PBXResourcesBuildPhase;
			buildActionMask = 2147483647;
			files = (
			);
			runOnlyForDeploymentPostprocessing = 0;
		};
/* End PBXResourcesBuildPhase section */

/* Begin PBXSourcesBuildPhase section */
		0CD103B81CA4329500895FE5 /* Sources */ = {
			isa = PBXSourcesBuildPhase;
			buildActionMask = 2147483647;
			files = (
				0CD103C21CA4329500895FE5 /* RecordSoundsViewController.swift in Sources */,
				0C2A16511CAC97F800C4B21B /* PlaySoundsViewController+Audio.swift in Sources */,
				0CCE686D1CAC7A920059580B /* PlaySoundsViewController.swift in Sources */,
				0CD103C01CA4329500895FE5 /* AppDelegate.swift in Sources */,
			);
			runOnlyForDeploymentPostprocessing = 0;
		};
		0CD103CC1CA4329500895FE5 /* Sources */ = {
			isa = PBXSourcesBuildPhase;
			buildActionMask = 2147483647;
			files = (
				0CD103D51CA4329500895FE5 /* PitchPerfectTests.swift in Sources */,
			);
			runOnlyForDeploymentPostprocessing = 0;
		};
		0CD103D71CA4329500895FE5 /* Sources */ = {
			isa = PBXSourcesBuildPhase;
			buildActionMask = 2147483647;
			files = (
				0CD103E01CA4329500895FE5 /* PitchPerfectUITests.swift in Sources */,
			);
			runOnlyForDeploymentPostprocessing = 0;
		};
/* End PBXSourcesBuildPhase section */

/* Begin PBXTargetDependency section */
		0CD103D21CA4329500895FE5 /* PBXTargetDependency */ = {
			isa = PBXTargetDependency;
			target = 0CD103BB1CA4329500895FE5 /* PitchPerfect */;
			targetProxy = 0CD103D11CA4329500895FE5 /* PBXContainerItemProxy */;
		};
		0CD103DD1CA4329500895FE5 /* PBXTargetDependency */ = {
			isa = PBXTargetDependency;
			target = 0CD103BB1CA4329500895FE5 /* PitchPerfect */;
			targetProxy = 0CD103DC1CA4329500895FE5 /* PBXContainerItemProxy */;
		};
/* End PBXTargetDependency section */

/* Begin PBXVariantGroup section */
		0CD103C31CA4329500895FE5 /* Main.storyboard */ = {
			isa = PBXVariantGroup;
			children = (
				0CD103C41CA4329500895FE5 /* Base */,
			);
			name = Main.storyboard;
			sourceTree = "<group>";
		};
		0CD103C81CA4329500895FE5 /* LaunchScreen.storyboard */ = {
			isa = PBXVariantGroup;
			children = (
				0CD103C91CA4329500895FE5 /* Base */,
			);
			name = LaunchScreen.storyboard;
			sourceTree = "<group>";
		};
/* End PBXVariantGroup section */

/* Begin XCBuildConfiguration section */
		0CD103E21CA4329500895FE5 /* Debug */ = {
			isa = XCBuildConfiguration;
			buildSettings = {
				ALWAYS_SEARCH_USER_PATHS = NO;
				CLANG_ANALYZER_NONNULL = YES;
				CLANG_CXX_LANGUAGE_STANDARD = "gnu++0x";
				CLANG_CXX_LIBRARY = "libc++";
				CLANG_ENABLE_MODULES = YES;
				CLANG_ENABLE_OBJC_ARC = YES;
				CLANG_WARN_BOOL_CONVERSION = YES;
				CLANG_WARN_CONSTANT_CONVERSION = YES;
				CLANG_WARN_DIRECT_OBJC_ISA_USAGE = YES_ERROR;
				CLANG_WARN_EMPTY_BODY = YES;
				CLANG_WARN_ENUM_CONVERSION = YES;
				CLANG_WARN_INT_CONVERSION = YES;
				CLANG_WARN_OBJC_ROOT_CLASS = YES_ERROR;
				CLANG_WARN_UNREACHABLE_CODE = YES;
				CLANG_WARN__DUPLICATE_METHOD_MATCH = YES;
				"CODE_SIGN_IDENTITY[sdk=iphoneos*]" = "iPhone Developer";
				COPY_PHASE_STRIP = NO;
				DEBUG_INFORMATION_FORMAT = dwarf;
				ENABLE_STRICT_OBJC_MSGSEND = YES;
				ENABLE_TESTABILITY = YES;
				GCC_C_LANGUAGE_STANDARD = gnu99;
				GCC_DYNAMIC_NO_PIC = NO;
				GCC_NO_COMMON_BLOCKS = YES;
				GCC_OPTIMIZATION_LEVEL = 0;
				GCC_PREPROCESSOR_DEFINITIONS = (
					"DEBUG=1",
					"$(inherited)",
				);
				GCC_WARN_64_TO_32_BIT_CONVERSION = YES;
				GCC_WARN_ABOUT_RETURN_TYPE = YES_ERROR;
				GCC_WARN_UNDECLARED_SELECTOR = YES;
				GCC_WARN_UNINITIALIZED_AUTOS = YES_AGGRESSIVE;
				GCC_WARN_UNUSED_FUNCTION = YES;
				GCC_WARN_UNUSED_VARIABLE = YES;
				IPHONEOS_DEPLOYMENT_TARGET = 9.3;
				MTL_ENABLE_DEBUG_INFO = YES;
				ONLY_ACTIVE_ARCH = YES;
				SDKROOT = iphoneos;
				SWIFT_OPTIMIZATION_LEVEL = "-Onone";
			};
			name = Debug;
		};
		0CD103E31CA4329500895FE5 /* Release */ = {
			isa = XCBuildConfiguration;
			buildSettings = {
				ALWAYS_SEARCH_USER_PATHS = NO;
				CLANG_ANALYZER_NONNULL = YES;
				CLANG_CXX_LANGUAGE_STANDARD = "gnu++0x";
				CLANG_CXX_LIBRARY = "libc++";
				CLANG_ENABLE_MODULES = YES;
				CLANG_ENABLE_OBJC_ARC = YES;
				CLANG_WARN_BOOL_CONVERSION = YES;
				CLANG_WARN_CONSTANT_CONVERSION = YES;
				CLANG_WARN_DIRECT_OBJC_ISA_USAGE = YES_ERROR;
				CLANG_WARN_EMPTY_BODY = YES;
				CLANG_WARN_ENUM_CONVERSION = YES;
				CLANG_WARN_INT_CONVERSION = YES;
				CLANG_WARN_OBJC_ROOT_CLASS = YES_ERROR;
				CLANG_WARN_UNREACHABLE_CODE = YES;
				CLANG_WARN__DUPLICATE_METHOD_MATCH = YES;
				"CODE_SIGN_IDENTITY[sdk=iphoneos*]" = "iPhone Developer";
				COPY_PHASE_STRIP = NO;
				DEBUG_INFORMATION_FORMAT = "dwarf-with-dsym";
				ENABLE_NS_ASSERTIONS = NO;
				ENABLE_STRICT_OBJC_MSGSEND = YES;
				GCC_C_LANGUAGE_STANDARD = gnu99;
				GCC_NO_COMMON_BLOCKS = YES;
				GCC_WARN_64_TO_32_BIT_CONVERSION = YES;
				GCC_WARN_ABOUT_RETURN_TYPE = YES_ERROR;
				GCC_WARN_UNDECLARED_SELECTOR = YES;
				GCC_WARN_UNINITIALIZED_AUTOS = YES_AGGRESSIVE;
				GCC_WARN_UNUSED_FUNCTION = YES;
				GCC_WARN_UNUSED_VARIABLE = YES;
				IPHONEOS_DEPLOYMENT_TARGET = 9.3;
				MTL_ENABLE_DEBUG_INFO = NO;
				SDKROOT = iphoneos;
				VALIDATE_PRODUCT = YES;
			};
			name = Release;
		};
		0CD103E51CA4329500895FE5 /* Debug */ = {
			isa = XCBuildConfiguration;
			buildSettings = {
				ASSETCATALOG_COMPILER_APPICON_NAME = AppIcon;
				CODE_SIGN_IDENTITY = "iPhone Developer";
				"CODE_SIGN_IDENTITY[sdk=iphoneos*]" = "iPhone Developer";
				INFOPLIST_FILE = PitchPerfect/Info.plist;
				LD_RUNPATH_SEARCH_PATHS = "$(inherited) @executable_path/Frameworks";
				PRODUCT_BUNDLE_IDENTIFIER = com.dua.PitchPerfect;
				PRODUCT_NAME = "$(TARGET_NAME)";
				PROVISIONING_PROFILE = "";
				TARGETED_DEVICE_FAMILY = "1,2";
			};
			name = Debug;
		};
		0CD103E61CA4329500895FE5 /* Release */ = {
			isa = XCBuildConfiguration;
			buildSettings = {
				ASSETCATALOG_COMPILER_APPICON_NAME = AppIcon;
				CODE_SIGN_IDENTITY = "iPhone Developer";
				"CODE_SIGN_IDENTITY[sdk=iphoneos*]" = "iPhone Developer";
				INFOPLIST_FILE = PitchPerfect/Info.plist;
				LD_RUNPATH_SEARCH_PATHS = "$(inherited) @executable_path/Frameworks";
				PRODUCT_BUNDLE_IDENTIFIER = com.dua.PitchPerfect;
				PRODUCT_NAME = "$(TARGET_NAME)";
				PROVISIONING_PROFILE = "";
				TARGETED_DEVICE_FAMILY = "1,2";
			};
			name = Release;
		};
		0CD103E81CA4329500895FE5 /* Debug */ = {
			isa = XCBuildConfiguration;
			buildSettings = {
				BUNDLE_LOADER = "$(TEST_HOST)";
				INFOPLIST_FILE = PitchPerfectTests/Info.plist;
				LD_RUNPATH_SEARCH_PATHS = "$(inherited) @executable_path/Frameworks @loader_path/Frameworks";
				PRODUCT_BUNDLE_IDENTIFIER = com.dua.PitchPerfectTests;
				PRODUCT_NAME = "$(TARGET_NAME)";
				TEST_HOST = "$(BUILT_PRODUCTS_DIR)/PitchPerfect.app/PitchPerfect";
			};
			name = Debug;
		};
		0CD103E91CA4329500895FE5 /* Release */ = {
			isa = XCBuildConfiguration;
			buildSettings = {
				BUNDLE_LOADER = "$(TEST_HOST)";
				INFOPLIST_FILE = PitchPerfectTests/Info.plist;
				LD_RUNPATH_SEARCH_PATHS = "$(inherited) @executable_path/Frameworks @loader_path/Frameworks";
				PRODUCT_BUNDLE_IDENTIFIER = com.dua.PitchPerfectTests;
				PRODUCT_NAME = "$(TARGET_NAME)";
				TEST_HOST = "$(BUILT_PRODUCTS_DIR)/PitchPerfect.app/PitchPerfect";
			};
			name = Release;
		};
		0CD103EB1CA4329500895FE5 /* Debug */ = {
			isa = XCBuildConfiguration;
			buildSettings = {
				INFOPLIST_FILE = PitchPerfectUITests/Info.plist;
				LD_RUNPATH_SEARCH_PATHS = "$(inherited) @executable_path/Frameworks @loader_path/Frameworks";
				PRODUCT_BUNDLE_IDENTIFIER = com.dua.PitchPerfectUITests;
				PRODUCT_NAME = "$(TARGET_NAME)";
				TEST_TARGET_NAME = PitchPerfect;
			};
			name = Debug;
		};
		0CD103EC1CA4329500895FE5 /* Release */ = {
			isa = XCBuildConfiguration;
			buildSettings = {
				INFOPLIST_FILE = PitchPerfectUITests/Info.plist;
				LD_RUNPATH_SEARCH_PATHS = "$(inherited) @executable_path/Frameworks @loader_path/Frameworks";
				PRODUCT_BUNDLE_IDENTIFIER = com.dua.PitchPerfectUITests;
				PRODUCT_NAME = "$(TARGET_NAME)";
				TEST_TARGET_NAME = PitchPerfect;
			};
			name = Release;
		};
/* End XCBuildConfiguration section */

/* Begin XCConfigurationList section */
		0CD103B71CA4329500895FE5 /* Build configuration list for PBXProject "PitchPerfect" */ = {
			isa = XCConfigurationList;
			buildConfigurations = (
				0CD103E21CA4329500895FE5 /* Debug */,
				0CD103E31CA4329500895FE5 /* Release */,
			);
			defaultConfigurationIsVisible = 0;
			defaultConfigurationName = Release;
		};
		0CD103E41CA4329500895FE5 /* Build configuration list for PBXNativeTarget "PitchPerfect" */ = {
			isa = XCConfigurationList;
			buildConfigurations = (
				0CD103E51CA4329500895FE5 /* Debug */,
				0CD103E61CA4329500895FE5 /* Release */,
			);
			defaultConfigurationIsVisible = 0;
			defaultConfigurationName = Release;
		};
		0CD103E71CA4329500895FE5 /* Build configuration list for PBXNativeTarget "PitchPerfectTests" */ = {
			isa = XCConfigurationList;
			buildConfigurations = (
				0CD103E81CA4329500895FE5 /* Debug */,
				0CD103E91CA4329500895FE5 /* Release */,
			);
			defaultConfigurationIsVisible = 0;
			defaultConfigurationName = Release;
		};
		0CD103EA1CA4329500895FE5 /* Build configuration list for PBXNativeTarget "PitchPerfectUITests" */ = {
			isa = XCConfigurationList;
			buildConfigurations = (
				0CD103EB1CA4329500895FE5 /* Debug */,
				0CD103EC1CA4329500895FE5 /* Release */,
			);
			defaultConfigurationIsVisible = 0;
			defaultConfigurationName = Release;
		};
/* End XCConfigurationList section */
	};
	rootObject = 0CD103B41CA4329500895FE5 /* Project object */;
}
